PODS:
  - AFNetworking (3.1.0):
    - AFNetworking/NSURLSession (= 3.1.0)
    - AFNetworking/Reachability (= 3.1.0)
    - AFNetworking/Security (= 3.1.0)
    - AFNetworking/Serialization (= 3.1.0)
    - AFNetworking/UIKit (= 3.1.0)
  - AFNetworking/NSURLSession (3.1.0):
    - AFNetworking/Reachability
    - AFNetworking/Security
    - AFNetworking/Serialization
  - AFNetworking/Reachability (3.1.0)
  - AFNetworking/Security (3.1.0)
  - AFNetworking/Serialization (3.1.0)
  - AFNetworking/UIKit (3.1.0):
    - AFNetworking/NSURLSession
  - CHCSVParser (2.1.0)
  - CNLLoadingButton (1.0.4):
    - ViewUtils
  - Digits (2.5.0):
    - TwitterCore (= 2.5.0)
  - DLRadioButton (1.4.9)
  - Fabric (1.6.10)
  - Firebase/Core (3.7.1):
    - FirebaseAnalytics (= 3.4.4)
    - FirebaseCore (= 3.4.3)
  - Firebase/Messaging (3.7.1):
    - Firebase/Core
    - FirebaseMessaging (= 1.2.0)
  - FirebaseAnalytics (3.4.4):
    - FirebaseCore (~> 3.4)
    - FirebaseInstanceID (~> 1.0)
    - GoogleInterchangeUtilities (~> 1.2)
    - GoogleSymbolUtilities (~> 1.1)
  - FirebaseCore (3.4.3):
    - GoogleInterchangeUtilities (~> 1.2)
    - GoogleUtilities (~> 1.2)
  - FirebaseInstanceID (1.0.8)
  - FirebaseMessaging (1.2.0):
    - FirebaseAnalytics (~> 3.3)
    - FirebaseInstanceID (~> 1.0)
    - GoogleInterchangeUtilities (~> 1.2)
    - GoogleIPhoneUtilities (~> 1.2)
    - GoogleSymbolUtilities (~> 1.1)
  - Google/Analytics (3.0.3):
    - Google/Core
    - GoogleAnalytics (~> 3.12)
  - Google/Core (3.0.3):
    - FirebaseAnalytics (~> 3.2)
  - GoogleAnalytics (3.17.0)
  - GoogleInterchangeUtilities (1.2.2):
    - GoogleSymbolUtilities (~> 1.1)
  - GoogleIPhoneUtilities (1.2.1):
    - GoogleSymbolUtilities (~> 1.0)
    - GoogleUtilities (~> 1.0)
  - GoogleSymbolUtilities (1.1.2)
  - GoogleUtilities (1.3.2):
    - GoogleSymbolUtilities (~> 1.1)
  - INTULocationManager (4.2.0)
  - MaterialTextField (0.2)
  - MMDrawerController (0.6.0):
    - MMDrawerController/Core (= 0.6.0)
    - MMDrawerController/MMDrawerBarButtonItem (= 0.6.0)
    - MMDrawerController/MMDrawerVisualStates (= 0.6.0)
    - MMDrawerController/Subclass (= 0.6.0)
  - MMDrawerController/Core (0.6.0)
  - MMDrawerController/MMDrawerBarButtonItem (0.6.0):
    - MMDrawerController/Core
  - MMDrawerController/MMDrawerVisualStates (0.6.0):
    - MMDrawerController/Core
  - MMDrawerController/Subclass (0.6.0):
    - MMDrawerController/Core
  - STPopup (1.8.1)
  - TPKeyboardAvoiding (1.3)
  - TwitterCore (2.5.0):
    - Fabric
  - ViewUtils (1.1.2)

DEPENDENCIES:
  - AFNetworking
  - CHCSVParser
  - CNLLoadingButton
  - Digits
  - DLRadioButton
  - Fabric
  - Firebase/Core
  - Firebase/Messaging
  - Google/Analytics
  - INTULocationManager
  - MaterialTextField
  - MMDrawerController
  - STPopup
  - TPKeyboardAvoiding
  - TwitterCore

SPEC CHECKSUMS:
  AFNetworking: 5e0e199f73d8626b11e79750991f5d173d1f8b67
  CHCSVParser: 3bcc7bdb72111a31222e95d57eacceefe4e537e8
  CNLLoadingButton: 765fc58f8a2190c1a615327b798686228d88b450
  Digits: c69ee2d1a6acf728c5d159f1bd335e4882bd3225
  DLRadioButton: 7bb8a6e3768b572469ace553391ab4d2af6f9c19
  Fabric: c73f371ee543e3f0b80608f2674750e4910d1669
  Firebase: be473484f0d515e72ffd04acf22f981773c23e58
  FirebaseAnalytics: 0533a00b681e08fd0b2cd0444b7ddf0ef9fd7a1a
  FirebaseCore: 5a885548bbc5f0c410b04f8e9ac9d73ff1221907
  FirebaseInstanceID: ba1e640935235e5fac39dfa816fe7660e72e1a8a
  FirebaseMessaging: 789d23fd796594dfb55dcf36cd325541df887c22
  Google: 813c467362eabc11385f5a5cc9ad0cb651a58f4e
  GoogleAnalytics: f42cc53a87a51fe94334821868d9c8481ff47a7b
  GoogleInterchangeUtilities: d5bc4d88d5b661ab72f9d70c58d02ca8c27ad1f7
  GoogleIPhoneUtilities: 63f25e93a3ddcb66884d182aab3a660d98f1479b
  GoogleSymbolUtilities: 631ee17048aa5e9ab133470d768ea997a5ef9b96
  GoogleUtilities: 8bbc733218aad26306f9d4a253823986110e3358
  INTULocationManager: 73f8254b3d05c897c56bb13c190e5b7c648c0998
  MaterialTextField: 4b7f0a55b262493e74f7d2da4f93227c362c7746
  MMDrawerController: e3a54a5570388463ad3b36975251575b50c4e1a0
  STPopup: 47e8ae53d348fa5f9be2d08d5c513ebe12ca758d
  TPKeyboardAvoiding: a5138f318c06fb3e151f886e18ce4a72695d9cbe
  TwitterCore: 95c46af93112768a7983bd370d66023553601d01
  ViewUtils: 68e42c708a4b3912e39691cef5080282dc5013fb

PODFILE CHECKSUM: ba49617ea2a4727f27d922976aa0201218671864

COCOAPODS: 1.1.1
